
Microsoft Visual Studio Solution File, Format Version 12.00
# Visual Studio Version 16
VisualStudioVersion = 16.0.30907.101
MinimumVisualStudioVersion = 10.0.40219.1
Project("{FAE04EC0-301F-11D3-BF4B-00C04F79EFBC}") = "ExampleIDP", "ExampleIDP.csproj", "{FC6D380B-8871-4B0D-B9A0-EBDC2CCBA2D2}"
EndProject
Global
	GlobalSection(SolutionConfigurationPlatforms) = preSolution
		Debug|Any CPU = Debug|Any CPU
		Release|Any CPU = Release|Any CPU
	EndGlobalSection
	GlobalSection(ProjectConfigurationPlatforms) = postSolution
		{FC6D380B-8871-4B0D-B9A0-EBDC2CCBA2D2}.Debug|Any CPU.ActiveCfg = Debug|Any CPU
		{FC6D380B-8871-4B0D-B9A0-EBDC2CCBA2D2}.Debug|Any CPU.Build.0 = Debug|Any CPU
		{FC6D380B-8871-4B0D-B9A0-EBDC2CCBA2D2}.Release|Any CPU.ActiveCfg = Release|Any CPU
		{FC6D380B-8871-4B0D-B9A0-EBDC2CCBA2D2}.Release|Any CPU.Build.0 = Release|Any CPU
	EndGlobalSection
	GlobalSection(SolutionProperties) = preSolution
		HideSolutionNode = FALSE
	EndGlobalSection
	GlobalSection(ExtensibilityGlobals) = postSolution
		SolutionGuid = {30C8353E-9EB8-44A7-B0F8-73375B8DF79C}
	EndGlobalSection
EndGlobal
